<?xml version="1.0" encoding="utf-8"?>
<Project ToolsVersion="4.0" xmlns="http://schemas.microsoft.com/developer/msbuild/2003">
  <ItemGroup>
    <Filter Include="Source Files">
      <UniqueIdentifier>{4FC737F1-C7A5-4376-A066-2A32D752A2FF}</UniqueIdentifier>
      <Extensions>cpp;c;cc;cxx;def;odl;idl;hpj;bat;asm;asmx</Extensions>
    </Filter>
    <Filter Include="Header Files">
      <UniqueIdentifier>{93995380-89BD-4b04-88EB-625FBE52EBFB}</UniqueIdentifier>
      <Extensions>h;hh;hpp;hxx;hm;inl;inc;xsd</Extensions>
    </Filter>
    <Filter Include="Resource Files">
      <UniqueIdentifier>{67DA6AB6-F800-4c08-8B7A-83BB121AAD01}</UniqueIdentifier>
      <Extensions>rc;ico;cur;bmp;dlg;rc2;rct;bin;rgs;gif;jpg;jpeg;jpe;resx;tiff;tif;png;wav</Extensions>
    </Filter>
  </ItemGroup>
  <ItemGroup>
    <ClCompile Include="bahasa.cpp">
      <Filter>Source Files</Filter>
    </ClCompile>
    <ClCompile Include="bahasa_number.cpp">
      <Filter>Source Files</Filter>
    </ClCompile>
    <ClCompile Include="english.cpp">
      <Filter>Source Files</Filter>
    </ClCompile>
    <ClCompile Include="english_number.cpp">
      <Filter>Source Files</Filter>
    </ClCompile>
    <ClCompile Include="main.cpp">
      <Filter>Source Files</Filter>
    </ClCompile>
    <ClCompile Include="speller.cpp">
      <Filter>Source Files</Filter>
    </ClCompile>
  </ItemGroup>
  <ItemGroup>
    <ClInclude Include="bahasa.h">
      <Filter>Header Files</Filter>
    </ClInclude>
    <ClInclude Include="bahasa_number.h">
      <Filter>Header Files</Filter>
    </ClInclude>
    <ClInclude Include="english.h">
      <Filter>Header Files</Filter>
    </ClInclude>
    <ClInclude Include="english_number.h">
      <Filter>Header Files</Filter>
    </ClInclude>
    <ClInclude Include="language.h">
      <Filter>Header Files</Filter>
    </ClInclude>
    <ClInclude Include="number.h">
      <Filter>Header Files</Filter>
    </ClInclude>
    <ClInclude Include="speller.h">
      <Filter>Header Files</Filter>
    </ClInclude>
  </ItemGroup>
  <ItemGroup>
    <None Include="doc\html\annotated.html" />
    <None Include="doc\html\bahasa_8cpp_source.html" />
    <None Include="doc\html\bahasa_8h_source.html" />
    <None Include="doc\html\bahasa__number_8cpp_source.html" />
    <None Include="doc\html\bahasa__number_8h_source.html" />
    <None Include="doc\html\classes.html" />
    <None Include="doc\html\class_bahasa-members.html" />
    <None Include="doc\html\class_bahasa.html" />
    <None Include="doc\html\class_bahasa_number-members.html" />
    <None Include="doc\html\class_bahasa_number.html" />
    <None Include="doc\html\class_english-members.html" />
    <None Include="doc\html\class_english.html" />
    <None Include="doc\html\class_english_number-members.html" />
    <None Include="doc\html\class_english_number.html" />
    <None Include="doc\html\class_language-members.html" />
    <None Include="doc\html\class_language.html" />
    <None Include="doc\html\class_number-members.html" />
    <None Include="doc\html\class_number.html" />
    <None Include="doc\html\class_speller-members.html" />
    <None Include="doc\html\class_speller.html" />
    <None Include="doc\html\english_8cpp_source.html" />
    <None Include="doc\html\english_8h_source.html" />
    <None Include="doc\html\english__number_8cpp_source.html" />
    <None Include="doc\html\english__number_8h_source.html" />
    <None Include="doc\html\files.html" />
    <None Include="doc\html\functions.html" />
    <None Include="doc\html\functions_func.html" />
    <None Include="doc\html\functions_vars.html" />
    <None Include="doc\html\graph_legend.html" />
    <None Include="doc\html\hierarchy.html" />
    <None Include="doc\html\index.html" />
    <None Include="doc\html\inherits.html" />
    <None Include="doc\html\language_8h_source.html" />
    <None Include="doc\html\main_8cpp_source.html" />
    <None Include="doc\html\number_8h_source.html" />
    <None Include="doc\html\speller_8cpp_source.html" />
    <None Include="doc\html\speller_8h_source.html" />
    <None Include="doc\html\search\all_0.html" />
    <None Include="doc\html\search\all_1.html" />
    <None Include="doc\html\search\all_2.html" />
    <None Include="doc\html\search\all_3.html" />
    <None Include="doc\html\search\all_4.html" />
    <None Include="doc\html\search\all_5.html" />
    <None Include="doc\html\search\all_6.html" />
    <None Include="doc\html\search\all_7.html" />
    <None Include="doc\html\search\all_8.html" />
    <None Include="doc\html\search\all_9.html" />
    <None Include="doc\html\search\all_a.html" />
    <None Include="doc\html\search\classes_0.html" />
    <None Include="doc\html\search\classes_1.html" />
    <None Include="doc\html\search\classes_2.html" />
    <None Include="doc\html\search\classes_3.html" />
    <None Include="doc\html\search\classes_4.html" />
    <None Include="doc\html\search\functions_0.html" />
    <None Include="doc\html\search\functions_1.html" />
    <None Include="doc\html\search\functions_2.html" />
    <None Include="doc\html\search\functions_3.html" />
    <None Include="doc\html\search\functions_4.html" />
    <None Include="doc\html\search\functions_5.html" />
    <None Include="doc\html\search\functions_6.html" />
    <None Include="doc\html\search\functions_7.html" />
    <None Include="doc\html\search\functions_8.html" />
    <None Include="doc\html\search\functions_9.html" />
    <None Include="doc\html\search\nomatches.html" />
    <None Include="doc\html\search\variables_0.html" />
  </ItemGroup>
</Project>